// !$*UTF8*$!
{
	archiveVersion = 1;
	classes = {
	};
	objectVersion = 55;
	objects = {

/* Begin PBXBuildFile section */
		A359D22C2808F0B200A22C2B /* UserRowView.swift in Sources */ = {isa = PBXBuildFile; fileRef = A359D22B2808F0B200A22C2B /* UserRowView.swift */; };
		A359D2312808F89200A22C2B /* SlideMenuViewModel.swift in Sources */ = {isa = PBXBuildFile; fileRef = A359D2302808F89200A22C2B /* SlideMenuViewModel.swift */; };
		A39D6C7F2809110B00162D8B /* SlideMenuView.swift in Sources */ = {isa = PBXBuildFile; fileRef = A39D6C7E2809110B00162D8B /* SlideMenuView.swift */; };
		A39D6C812809111F00162D8B /* SlideMenuRowView.swift in Sources */ = {isa = PBXBuildFile; fileRef = A39D6C802809111F00162D8B /* SlideMenuRowView.swift */; };
		A39D6C832809130800162D8B /* UserStatsView.swift in Sources */ = {isa = PBXBuildFile; fileRef = A39D6C822809130800162D8B /* UserStatsView.swift */; };
		A39D6C852809273000162D8B /* SideMenuOptionRawView.swift in Sources */ = {isa = PBXBuildFile; fileRef = A39D6C842809273000162D8B /* SideMenuOptionRawView.swift */; };
		A39D6C8A280A03D900162D8B /* NewTweetView.swift in Sources */ = {isa = PBXBuildFile; fileRef = A39D6C89280A03D900162D8B /* NewTweetView.swift */; };
		A39D6C8C280A05E600162D8B /* TextArea.swift in Sources */ = {isa = PBXBuildFile; fileRef = A39D6C8B280A05E600162D8B /* TextArea.swift */; };
		A39D6C91280A0DE000162D8B /* LoginView.swift in Sources */ = {isa = PBXBuildFile; fileRef = A39D6C90280A0DE000162D8B /* LoginView.swift */; };
		A39D6C93280A0DF600162D8B /* RegistrationView.swift in Sources */ = {isa = PBXBuildFile; fileRef = A39D6C92280A0DF600162D8B /* RegistrationView.swift */; };
		A39D6C95280A0F9C00162D8B /* RoundedShape.swift in Sources */ = {isa = PBXBuildFile; fileRef = A39D6C94280A0F9C00162D8B /* RoundedShape.swift */; };
		A39D6C97280A1A4400162D8B /* CustomImputField.swift in Sources */ = {isa = PBXBuildFile; fileRef = A39D6C96280A1A4400162D8B /* CustomImputField.swift */; };
		A3A2F8C5280A7BFA004234AB /* GoogleService-Info.plist in Resources */ = {isa = PBXBuildFile; fileRef = A3A2F8C4280A7BFA004234AB /* GoogleService-Info.plist */; };
		A3A2F8C8280A8398004234AB /* FirebaseAuth in Frameworks */ = {isa = PBXBuildFile; productRef = A3A2F8C7280A8398004234AB /* FirebaseAuth */; };
		A3A2F8CA280A8398004234AB /* FirebaseFirestore in Frameworks */ = {isa = PBXBuildFile; productRef = A3A2F8C9280A8398004234AB /* FirebaseFirestore */; };
		A3A2F8CC280A8398004234AB /* FirebaseFirestoreSwift in Frameworks */ = {isa = PBXBuildFile; productRef = A3A2F8CB280A8398004234AB /* FirebaseFirestoreSwift */; };
		A3A2F8CE280A8398004234AB /* FirebaseStorage in Frameworks */ = {isa = PBXBuildFile; productRef = A3A2F8CD280A8398004234AB /* FirebaseStorage */; };
		A3A2F8D0280A8F9E004234AB /* AuthViewModel.swift in Sources */ = {isa = PBXBuildFile; fileRef = A3A2F8CF280A8F9E004234AB /* AuthViewModel.swift */; };
		A3B771B828077FA500857881 /* TwitterSwiftUIApp.swift in Sources */ = {isa = PBXBuildFile; fileRef = A3B771B728077FA500857881 /* TwitterSwiftUIApp.swift */; };
		A3B771BA28077FA500857881 /* ContentView.swift in Sources */ = {isa = PBXBuildFile; fileRef = A3B771B928077FA500857881 /* ContentView.swift */; };
		A3B771BC28077FA700857881 /* Assets.xcassets in Resources */ = {isa = PBXBuildFile; fileRef = A3B771BB28077FA700857881 /* Assets.xcassets */; };
		A3B771BF28077FA700857881 /* Preview Assets.xcassets in Resources */ = {isa = PBXBuildFile; fileRef = A3B771BE28077FA700857881 /* Preview Assets.xcassets */; };
		A3B771D02807808500857881 /* FeedView.swift in Sources */ = {isa = PBXBuildFile; fileRef = A3B771CF2807808500857881 /* FeedView.swift */; };
		A3B771D3280781B900857881 /* TweetsRowView.swift in Sources */ = {isa = PBXBuildFile; fileRef = A3B771D2280781B900857881 /* TweetsRowView.swift */; };
		A3B771D6280789DD00857881 /* MainTabView.swift in Sources */ = {isa = PBXBuildFile; fileRef = A3B771D5280789DD00857881 /* MainTabView.swift */; };
		A3B771DC28078BA900857881 /* ExploreView.swift in Sources */ = {isa = PBXBuildFile; fileRef = A3B771DB28078BA900857881 /* ExploreView.swift */; };
		A3B771DE28078BC600857881 /* NotificationsView.swift in Sources */ = {isa = PBXBuildFile; fileRef = A3B771DD28078BC600857881 /* NotificationsView.swift */; };
		A3B771E028078BD200857881 /* MessagesView.swift in Sources */ = {isa = PBXBuildFile; fileRef = A3B771DF28078BD200857881 /* MessagesView.swift */; };
		A3B771E428078DD100857881 /* ProfileView.swift in Sources */ = {isa = PBXBuildFile; fileRef = A3B771E328078DD100857881 /* ProfileView.swift */; };
		A3B771E62807BA9500857881 /* TweetFilterView.swift in Sources */ = {isa = PBXBuildFile; fileRef = A3B771E52807BA9400857881 /* TweetFilterView.swift */; };
		A3C032EE280BAA7F00404748 /* ProfilePhotoSelecterView.swift in Sources */ = {isa = PBXBuildFile; fileRef = A3C032ED280BAA7F00404748 /* ProfilePhotoSelecterView.swift */; };
		A3C032F0280BAD1300404748 /* AuthHeaderView.swift in Sources */ = {isa = PBXBuildFile; fileRef = A3C032EF280BAD1300404748 /* AuthHeaderView.swift */; };
		A3C032F3280BB63C00404748 /* ImagePicker.swift in Sources */ = {isa = PBXBuildFile; fileRef = A3C032F2280BB63C00404748 /* ImagePicker.swift */; };
		A3C032F5280BBD4F00404748 /* ImageUploader.swift in Sources */ = {isa = PBXBuildFile; fileRef = A3C032F4280BBD4F00404748 /* ImageUploader.swift */; };
		A3C032F7280BC8B100404748 /* UserService.swift in Sources */ = {isa = PBXBuildFile; fileRef = A3C032F6280BC8B100404748 /* UserService.swift */; };
		A3CEF734280BD12700B1553A /* User.swift in Sources */ = {isa = PBXBuildFile; fileRef = A3CEF733280BD12700B1553A /* User.swift */; };
/* End PBXBuildFile section */

/* Begin PBXFileReference section */
		A359D22B2808F0B200A22C2B /* UserRowView.swift */ = {isa = PBXFileReference; lastKnownFileType = sourcecode.swift; path = UserRowView.swift; sourceTree = "<group>"; };
		A359D2302808F89200A22C2B /* SlideMenuViewModel.swift */ = {isa = PBXFileReference; lastKnownFileType = sourcecode.swift; path = SlideMenuViewModel.swift; sourceTree = "<group>"; };
		A39D6C7E2809110B00162D8B /* SlideMenuView.swift */ = {isa = PBXFileReference; lastKnownFileType = sourcecode.swift; path = SlideMenuView.swift; sourceTree = "<group>"; };
		A39D6C802809111F00162D8B /* SlideMenuRowView.swift */ = {isa = PBXFileReference; lastKnownFileType = sourcecode.swift; path = SlideMenuRowView.swift; sourceTree = "<group>"; };
		A39D6C822809130800162D8B /* UserStatsView.swift */ = {isa = PBXFileReference; lastKnownFileType = sourcecode.swift; path = UserStatsView.swift; sourceTree = "<group>"; };
		A39D6C842809273000162D8B /* SideMenuOptionRawView.swift */ = {isa = PBXFileReference; lastKnownFileType = sourcecode.swift; path = SideMenuOptionRawView.swift; sourceTree = "<group>"; };
		A39D6C89280A03D900162D8B /* NewTweetView.swift */ = {isa = PBXFileReference; lastKnownFileType = sourcecode.swift; path = NewTweetView.swift; sourceTree = "<group>"; };
		A39D6C8B280A05E600162D8B /* TextArea.swift */ = {isa = PBXFileReference; lastKnownFileType = sourcecode.swift; path = TextArea.swift; sourceTree = "<group>"; };
		A39D6C90280A0DE000162D8B /* LoginView.swift */ = {isa = PBXFileReference; lastKnownFileType = sourcecode.swift; path = LoginView.swift; sourceTree = "<group>"; };
		A39D6C92280A0DF600162D8B /* RegistrationView.swift */ = {isa = PBXFileReference; lastKnownFileType = sourcecode.swift; path = RegistrationView.swift; sourceTree = "<group>"; };
		A39D6C94280A0F9C00162D8B /* RoundedShape.swift */ = {isa = PBXFileReference; lastKnownFileType = sourcecode.swift; path = RoundedShape.swift; sourceTree = "<group>"; };
		A39D6C96280A1A4400162D8B /* CustomImputField.swift */ = {isa = PBXFileReference; lastKnownFileType = sourcecode.swift; path = CustomImputField.swift; sourceTree = "<group>"; };
		A3A2F8C4280A7BFA004234AB /* GoogleService-Info.plist */ = {isa = PBXFileReference; fileEncoding = 4; lastKnownFileType = text.plist.xml; path = "GoogleService-Info.plist"; sourceTree = "<group>"; };
		A3A2F8CF280A8F9E004234AB /* AuthViewModel.swift */ = {isa = PBXFileReference; lastKnownFileType = sourcecode.swift; path = AuthViewModel.swift; sourceTree = "<group>"; };
		A3B771B428077FA500857881 /* TwitterSwiftUI.app */ = {isa = PBXFileReference; explicitFileType = wrapper.application; includeInIndex = 0; path = TwitterSwiftUI.app; sourceTree = BUILT_PRODUCTS_DIR; };
		A3B771B728077FA500857881 /* TwitterSwiftUIApp.swift */ = {isa = PBXFileReference; lastKnownFileType = sourcecode.swift; path = TwitterSwiftUIApp.swift; sourceTree = "<group>"; };
		A3B771B928077FA500857881 /* ContentView.swift */ = {isa = PBXFileReference; lastKnownFileType = sourcecode.swift; path = ContentView.swift; sourceTree = "<group>"; };
		A3B771BB28077FA700857881 /* Assets.xcassets */ = {isa = PBXFileReference; lastKnownFileType = folder.assetcatalog; path = Assets.xcassets; sourceTree = "<group>"; };
		A3B771BE28077FA700857881 /* Preview Assets.xcassets */ = {isa = PBXFileReference; lastKnownFileType = folder.assetcatalog; path = "Preview Assets.xcassets"; sourceTree = "<group>"; };
		A3B771CF2807808500857881 /* FeedView.swift */ = {isa = PBXFileReference; lastKnownFileType = sourcecode.swift; path = FeedView.swift; sourceTree = "<group>"; };
		A3B771D2280781B900857881 /* TweetsRowView.swift */ = {isa = PBXFileReference; lastKnownFileType = sourcecode.swift; path = TweetsRowView.swift; sourceTree = "<group>"; };
		A3B771D5280789DD00857881 /* MainTabView.swift */ = {isa = PBXFileReference; lastKnownFileType = sourcecode.swift; path = MainTabView.swift; sourceTree = "<group>"; };
		A3B771DB28078BA900857881 /* ExploreView.swift */ = {isa = PBXFileReference; lastKnownFileType = sourcecode.swift; path = ExploreView.swift; sourceTree = "<group>"; };
		A3B771DD28078BC600857881 /* NotificationsView.swift */ = {isa = PBXFileReference; lastKnownFileType = sourcecode.swift; path = NotificationsView.swift; sourceTree = "<group>"; };
		A3B771DF28078BD200857881 /* MessagesView.swift */ = {isa = PBXFileReference; lastKnownFileType = sourcecode.swift; path = MessagesView.swift; sourceTree = "<group>"; };
		A3B771E328078DD100857881 /* ProfileView.swift */ = {isa = PBXFileReference; lastKnownFileType = sourcecode.swift; path = ProfileView.swift; sourceTree = "<group>"; };
		A3B771E52807BA9400857881 /* TweetFilterView.swift */ = {isa = PBXFileReference; lastKnownFileType = sourcecode.swift; path = TweetFilterView.swift; sourceTree = "<group>"; };
		A3C032ED280BAA7F00404748 /* ProfilePhotoSelecterView.swift */ = {isa = PBXFileReference; lastKnownFileType = sourcecode.swift; path = ProfilePhotoSelecterView.swift; sourceTree = "<group>"; };
		A3C032EF280BAD1300404748 /* AuthHeaderView.swift */ = {isa = PBXFileReference; lastKnownFileType = sourcecode.swift; path = AuthHeaderView.swift; sourceTree = "<group>"; };
		A3C032F2280BB63C00404748 /* ImagePicker.swift */ = {isa = PBXFileReference; lastKnownFileType = sourcecode.swift; path = ImagePicker.swift; sourceTree = "<group>"; };
		A3C032F4280BBD4F00404748 /* ImageUploader.swift */ = {isa = PBXFileReference; lastKnownFileType = sourcecode.swift; path = ImageUploader.swift; sourceTree = "<group>"; };
		A3C032F6280BC8B100404748 /* UserService.swift */ = {isa = PBXFileReference; lastKnownFileType = sourcecode.swift; path = UserService.swift; sourceTree = "<group>"; };
		A3CEF733280BD12700B1553A /* User.swift */ = {isa = PBXFileReference; lastKnownFileType = sourcecode.swift; path = User.swift; sourceTree = "<group>"; };
/* End PBXFileReference section */

/* Begin PBXFrameworksBuildPhase section */
		A3B771B128077FA500857881 /* Frameworks */ = {
			isa = PBXFrameworksBuildPhase;
			buildActionMask = 2147483647;
			files = (
				A3A2F8C8280A8398004234AB /* FirebaseAuth in Frameworks */,
				A3A2F8CE280A8398004234AB /* FirebaseStorage in Frameworks */,
				A3A2F8CA280A8398004234AB /* FirebaseFirestore in Frameworks */,
				A3A2F8CC280A8398004234AB /* FirebaseFirestoreSwift in Frameworks */,
			);
			runOnlyForDeploymentPostprocessing = 0;
		};
/* End PBXFrameworksBuildPhase section */

/* Begin PBXGroup section */
		A30E93B22808F02C00702B59 /* Views */ = {
			isa = PBXGroup;
			children = (
			);
			path = Views;
			sourceTree = "<group>";
		};
		A30E93B32808F02E00702B59 /* ViewModel */ = {
			isa = PBXGroup;
			children = (
			);
			path = ViewModel;
			sourceTree = "<group>";
		};
		A30E93B42808F04F00702B59 /* Users */ = {
			isa = PBXGroup;
			children = (
				A359D22B2808F0B200A22C2B /* UserRowView.swift */,
				A39D6C822809130800162D8B /* UserStatsView.swift */,
			);
			path = Users;
			sourceTree = "<group>";
		};
		A359D22D2808F42E00A22C2B /* Side Menu */ = {
			isa = PBXGroup;
			children = (
				A359D22F2808F43C00A22C2B /* ViewModel */,
				A359D22E2808F43A00A22C2B /* View */,
			);
			path = "Side Menu";
			sourceTree = "<group>";
		};
		A359D22E2808F43A00A22C2B /* View */ = {
			isa = PBXGroup;
			children = (
				A39D6C7E2809110B00162D8B /* SlideMenuView.swift */,
				A39D6C802809111F00162D8B /* SlideMenuRowView.swift */,
				A39D6C842809273000162D8B /* SideMenuOptionRawView.swift */,
			);
			path = View;
			sourceTree = "<group>";
		};
		A359D22F2808F43C00A22C2B /* ViewModel */ = {
			isa = PBXGroup;
			children = (
				A359D2302808F89200A22C2B /* SlideMenuViewModel.swift */,
			);
			path = ViewModel;
			sourceTree = "<group>";
		};
		A39D6C86280A03A900162D8B /* Upload Tweet */ = {
			isa = PBXGroup;
			children = (
				A39D6C87280A03B200162D8B /* ViewModel */,
				A39D6C88280A03BD00162D8B /* Views */,
			);
			path = "Upload Tweet";
			sourceTree = "<group>";
		};
		A39D6C87280A03B200162D8B /* ViewModel */ = {
			isa = PBXGroup;
			children = (
			);
			path = ViewModel;
			sourceTree = "<group>";
		};
		A39D6C88280A03BD00162D8B /* Views */ = {
			isa = PBXGroup;
			children = (
				A39D6C89280A03D900162D8B /* NewTweetView.swift */,
			);
			path = Views;
			sourceTree = "<group>";
		};
		A39D6C8D280A0DB400162D8B /* Authentication */ = {
			isa = PBXGroup;
			children = (
				A39D6C8E280A0DC400162D8B /* ViewModel */,
				A39D6C8F280A0DCA00162D8B /* Views */,
			);
			path = Authentication;
			sourceTree = "<group>";
		};
		A39D6C8E280A0DC400162D8B /* ViewModel */ = {
			isa = PBXGroup;
			children = (
				A3A2F8CF280A8F9E004234AB /* AuthViewModel.swift */,
			);
			path = ViewModel;
			sourceTree = "<group>";
		};
		A39D6C8F280A0DCA00162D8B /* Views */ = {
			isa = PBXGroup;
			children = (
				A3C032EF280BAD1300404748 /* AuthHeaderView.swift */,
				A39D6C90280A0DE000162D8B /* LoginView.swift */,
				A39D6C92280A0DF600162D8B /* RegistrationView.swift */,
				A3C032ED280BAA7F00404748 /* ProfilePhotoSelecterView.swift */,
			);
			path = Views;
			sourceTree = "<group>";
		};
		A3B771AB28077FA500857881 = {
			isa = PBXGroup;
			children = (
				A3B771B628077FA500857881 /* TwitterSwiftUI */,
				A3B771B528077FA500857881 /* Products */,
			);
			sourceTree = "<group>";
		};
		A3B771B528077FA500857881 /* Products */ = {
			isa = PBXGroup;
			children = (
				A3B771B428077FA500857881 /* TwitterSwiftUI.app */,
			);
			name = Products;
			sourceTree = "<group>";
		};
		A3B771B628077FA500857881 /* TwitterSwiftUI */ = {
			isa = PBXGroup;
			children = (
				A3C032F1280BB62000404748 /* Utils */,
				A3B771CA28077FE300857881 /* Extensions */,
				A3B771C928077FE100857881 /* Model */,
				A3B771C628077FD800857881 /* Service */,
				A3B771C528077FB500857881 /* Core */,
				A3B771B728077FA500857881 /* TwitterSwiftUIApp.swift */,
				A3B771B928077FA500857881 /* ContentView.swift */,
				A3B771BB28077FA700857881 /* Assets.xcassets */,
				A3A2F8C4280A7BFA004234AB /* GoogleService-Info.plist */,
				A3B771BD28077FA700857881 /* Preview Content */,
			);
			path = TwitterSwiftUI;
			sourceTree = "<group>";
		};
		A3B771BD28077FA700857881 /* Preview Content */ = {
			isa = PBXGroup;
			children = (
				A3B771BE28077FA700857881 /* Preview Assets.xcassets */,
			);
			path = "Preview Content";
			sourceTree = "<group>";
		};
		A3B771C528077FB500857881 /* Core */ = {
			isa = PBXGroup;
			children = (
				A3B771CC2807801C00857881 /* Components */,
				A39D6C8D280A0DB400162D8B /* Authentication */,
				A39D6C86280A03A900162D8B /* Upload Tweet */,
				A359D22D2808F42E00A22C2B /* Side Menu */,
				A3B771D4280789B500857881 /* MainTab */,
				A3B771DA28078B7C00857881 /* Profile */,
				A3B771D928078B3100857881 /* Explore */,
				A3B771D828078B2F00857881 /* Notification */,
				A3B771D728078B2D00857881 /* Messages */,
				A3B771CB2807801B00857881 /* Feed */,
			);
			path = Core;
			sourceTree = "<group>";
		};
		A3B771C628077FD800857881 /* Service */ = {
			isa = PBXGroup;
			children = (
				A3C032F4280BBD4F00404748 /* ImageUploader.swift */,
				A3C032F6280BC8B100404748 /* UserService.swift */,
			);
			path = Service;
			sourceTree = "<group>";
		};
		A3B771C928077FE100857881 /* Model */ = {
			isa = PBXGroup;
			children = (
				A3CEF733280BD12700B1553A /* User.swift */,
			);
			path = Model;
			sourceTree = "<group>";
		};
		A3B771CA28077FE300857881 /* Extensions */ = {
			isa = PBXGroup;
			children = (
			);
			path = Extensions;
			sourceTree = "<group>";
		};
		A3B771CB2807801B00857881 /* Feed */ = {
			isa = PBXGroup;
			children = (
				A3B771CE2807805F00857881 /* ViewModels */,
				A3B771CD2807805D00857881 /* View */,
			);
			path = Feed;
			sourceTree = "<group>";
		};
		A3B771CC2807801C00857881 /* Components */ = {
			isa = PBXGroup;
			children = (
				A30E93B42808F04F00702B59 /* Users */,
				A3B771D12807816B00857881 /* Tweets */,
				A39D6C8B280A05E600162D8B /* TextArea.swift */,
				A39D6C94280A0F9C00162D8B /* RoundedShape.swift */,
				A39D6C96280A1A4400162D8B /* CustomImputField.swift */,
			);
			path = Components;
			sourceTree = "<group>";
		};
		A3B771CD2807805D00857881 /* View */ = {
			isa = PBXGroup;
			children = (
				A3B771CF2807808500857881 /* FeedView.swift */,
			);
			path = View;
			sourceTree = "<group>";
		};
		A3B771CE2807805F00857881 /* ViewModels */ = {
			isa = PBXGroup;
			children = (
			);
			path = ViewModels;
			sourceTree = "<group>";
		};
		A3B771D12807816B00857881 /* Tweets */ = {
			isa = PBXGroup;
			children = (
				A3B771D2280781B900857881 /* TweetsRowView.swift */,
			);
			path = Tweets;
			sourceTree = "<group>";
		};
		A3B771D4280789B500857881 /* MainTab */ = {
			isa = PBXGroup;
			children = (
				A3B771D5280789DD00857881 /* MainTabView.swift */,
			);
			path = MainTab;
			sourceTree = "<group>";
		};
		A3B771D728078B2D00857881 /* Messages */ = {
			isa = PBXGroup;
			children = (
				A3B771DF28078BD200857881 /* MessagesView.swift */,
			);
			path = Messages;
			sourceTree = "<group>";
		};
		A3B771D828078B2F00857881 /* Notification */ = {
			isa = PBXGroup;
			children = (
				A3B771DD28078BC600857881 /* NotificationsView.swift */,
			);
			path = Notification;
			sourceTree = "<group>";
		};
		A3B771D928078B3100857881 /* Explore */ = {
			isa = PBXGroup;
			children = (
				A30E93B32808F02E00702B59 /* ViewModel */,
				A30E93B22808F02C00702B59 /* Views */,
				A3B771DB28078BA900857881 /* ExploreView.swift */,
			);
			path = Explore;
			sourceTree = "<group>";
		};
		A3B771DA28078B7C00857881 /* Profile */ = {
			isa = PBXGroup;
			children = (
				A3B771E228078DAC00857881 /* ViewModels */,
				A3B771E128078DAA00857881 /* Views */,
			);
			path = Profile;
			sourceTree = "<group>";
		};
		A3B771E128078DAA00857881 /* Views */ = {
			isa = PBXGroup;
			children = (
				A3B771E328078DD100857881 /* ProfileView.swift */,
			);
			path = Views;
			sourceTree = "<group>";
		};
		A3B771E228078DAC00857881 /* ViewModels */ = {
			isa = PBXGroup;
			children = (
				A3B771E52807BA9400857881 /* TweetFilterView.swift */,
			);
			path = ViewModels;
			sourceTree = "<group>";
		};
		A3C032F1280BB62000404748 /* Utils */ = {
			isa = PBXGroup;
			children = (
				A3C032F2280BB63C00404748 /* ImagePicker.swift */,
			);
			path = Utils;
			sourceTree = "<group>";
		};
/* End PBXGroup section */

/* Begin PBXNativeTarget section */
		A3B771B328077FA500857881 /* TwitterSwiftUI */ = {
			isa = PBXNativeTarget;
			buildConfigurationList = A3B771C228077FA700857881 /* Build configuration list for PBXNativeTarget "TwitterSwiftUI" */;
			buildPhases = (
				A3B771B028077FA500857881 /* Sources */,
				A3B771B128077FA500857881 /* Frameworks */,
				A3B771B228077FA500857881 /* Resources */,
			);
			buildRules = (
			);
			dependencies = (
			);
			name = TwitterSwiftUI;
			packageProductDependencies = (
				A3A2F8C7280A8398004234AB /* FirebaseAuth */,
				A3A2F8C9280A8398004234AB /* FirebaseFirestore */,
				A3A2F8CB280A8398004234AB /* FirebaseFirestoreSwift */,
				A3A2F8CD280A8398004234AB /* FirebaseStorage */,
			);
			productName = TwitterSwiftUI;
			productReference = A3B771B428077FA500857881 /* TwitterSwiftUI.app */;
			productType = "com.apple.product-type.application";
		};
/* End PBXNativeTarget section */

/* Begin PBXProject section */
		A3B771AC28077FA500857881 /* Project object */ = {
			isa = PBXProject;
			attributes = {
				BuildIndependentTargetsInParallel = 1;
				LastSwiftUpdateCheck = 1320;
				LastUpgradeCheck = 1320;
				TargetAttributes = {
					A3B771B328077FA500857881 = {
						CreatedOnToolsVersion = 13.2.1;
					};
				};
			};
			buildConfigurationList = A3B771AF28077FA500857881 /* Build configuration list for PBXProject "TwitterSwiftUI" */;
			compatibilityVersion = "Xcode 13.0";
			developmentRegion = en;
			hasScannedForEncodings = 0;
			knownRegions = (
				en,
				Base,
			);
			mainGroup = A3B771AB28077FA500857881;
			packageReferences = (
				A3A2F8C6280A8398004234AB /* XCRemoteSwiftPackageReference "firebase-ios-sdk" */,
			);
			productRefGroup = A3B771B528077FA500857881 /* Products */;
			projectDirPath = "";
			projectRoot = "";
			targets = (
				A3B771B328077FA500857881 /* TwitterSwiftUI */,
			);
		};
/* End PBXProject section */

/* Begin PBXResourcesBuildPhase section */
		A3B771B228077FA500857881 /* Resources */ = {
			isa = PBXResourcesBuildPhase;
			buildActionMask = 2147483647;
			files = (
				A3B771BF28077FA700857881 /* Preview Assets.xcassets in Resources */,
				A3B771BC28077FA700857881 /* Assets.xcassets in Resources */,
				A3A2F8C5280A7BFA004234AB /* GoogleService-Info.plist in Resources */,
			);
			runOnlyForDeploymentPostprocessing = 0;
		};
/* End PBXResourcesBuildPhase section */

/* Begin PBXSourcesBuildPhase section */
		A3B771B028077FA500857881 /* Sources */ = {
			isa = PBXSourcesBuildPhase;
			buildActionMask = 2147483647;
			files = (
				A3C032F7280BC8B100404748 /* UserService.swift in Sources */,
				A3B771E028078BD200857881 /* MessagesView.swift in Sources */,
				A359D2312808F89200A22C2B /* SlideMenuViewModel.swift in Sources */,
				A3B771E428078DD100857881 /* ProfileView.swift in Sources */,
				A3B771BA28077FA500857881 /* ContentView.swift in Sources */,
				A3B771D3280781B900857881 /* TweetsRowView.swift in Sources */,
				A39D6C7F2809110B00162D8B /* SlideMenuView.swift in Sources */,
				A3B771E62807BA9500857881 /* TweetFilterView.swift in Sources */,
				A3CEF734280BD12700B1553A /* User.swift in Sources */,
				A39D6C8C280A05E600162D8B /* TextArea.swift in Sources */,
				A3B771D02807808500857881 /* FeedView.swift in Sources */,
				A39D6C812809111F00162D8B /* SlideMenuRowView.swift in Sources */,
				A39D6C8A280A03D900162D8B /* NewTweetView.swift in Sources */,
				A3B771B828077FA500857881 /* TwitterSwiftUIApp.swift in Sources */,
				A3B771DC28078BA900857881 /* ExploreView.swift in Sources */,
				A3C032F3280BB63C00404748 /* ImagePicker.swift in Sources */,
				A3C032F0280BAD1300404748 /* AuthHeaderView.swift in Sources */,
				A359D22C2808F0B200A22C2B /* UserRowView.swift in Sources */,
				A39D6C95280A0F9C00162D8B /* RoundedShape.swift in Sources */,
				A3B771D6280789DD00857881 /* MainTabView.swift in Sources */,
				A3B771DE28078BC600857881 /* NotificationsView.swift in Sources */,
				A3A2F8D0280A8F9E004234AB /* AuthViewModel.swift in Sources */,
				A39D6C91280A0DE000162D8B /* LoginView.swift in Sources */,
				A39D6C852809273000162D8B /* SideMenuOptionRawView.swift in Sources */,
				A39D6C832809130800162D8B /* UserStatsView.swift in Sources */,
				A3C032F5280BBD4F00404748 /* ImageUploader.swift in Sources */,
				A39D6C93280A0DF600162D8B /* RegistrationView.swift in Sources */,
				A3C032EE280BAA7F00404748 /* ProfilePhotoSelecterView.swift in Sources */,
				A39D6C97280A1A4400162D8B /* CustomImputField.swift in Sources */,
			);
			runOnlyForDeploymentPostprocessing = 0;
		};
/* End PBXSourcesBuildPhase section */

/* Begin XCBuildConfiguration section */
		A3B771C028077FA700857881 /* Debug */ = {
			isa = XCBuildConfiguration;
			buildSettings = {
				ALWAYS_SEARCH_USER_PATHS = NO;
				CLANG_ANALYZER_NONNULL = YES;
				CLANG_ANALYZER_NUMBER_OBJECT_CONVERSION = YES_AGGRESSIVE;
				CLANG_CXX_LANGUAGE_STANDARD = "gnu++17";
				CLANG_CXX_LIBRARY = "libc++";
				CLANG_ENABLE_MODULES = YES;
				CLANG_ENABLE_OBJC_ARC = YES;
				CLANG_ENABLE_OBJC_WEAK = YES;
				CLANG_WARN_BLOCK_CAPTURE_AUTORELEASING = YES;
				CLANG_WARN_BOOL_CONVERSION = YES;
				CLANG_WARN_COMMA = YES;
				CLANG_WARN_CONSTANT_CONVERSION = YES;
				CLANG_WARN_DEPRECATED_OBJC_IMPLEMENTATIONS = YES;
				CLANG_WARN_DIRECT_OBJC_ISA_USAGE = YES_ERROR;
				CLANG_WARN_DOCUMENTATION_COMMENTS = YES;
				CLANG_WARN_EMPTY_BODY = YES;
				CLANG_WARN_ENUM_CONVERSION = YES;
				CLANG_WARN_INFINITE_RECURSION = YES;
				CLANG_WARN_INT_CONVERSION = YES;
				CLANG_WARN_NON_LITERAL_NULL_CONVERSION = YES;
				CLANG_WARN_OBJC_IMPLICIT_RETAIN_SELF = YES;
				CLANG_WARN_OBJC_LITERAL_CONVERSION = YES;
				CLANG_WARN_OBJC_ROOT_CLASS = YES_ERROR;
				CLANG_WARN_QUOTED_INCLUDE_IN_FRAMEWORK_HEADER = YES;
				CLANG_WARN_RANGE_LOOP_ANALYSIS = YES;
				CLANG_WARN_STRICT_PROTOTYPES = YES;
				CLANG_WARN_SUSPICIOUS_MOVE = YES;
				CLANG_WARN_UNGUARDED_AVAILABILITY = YES_AGGRESSIVE;
				CLANG_WARN_UNREACHABLE_CODE = YES;
				CLANG_WARN__DUPLICATE_METHOD_MATCH = YES;
				COPY_PHASE_STRIP = NO;
				DEBUG_INFORMATION_FORMAT = dwarf;
				ENABLE_STRICT_OBJC_MSGSEND = YES;
				ENABLE_TESTABILITY = YES;
				GCC_C_LANGUAGE_STANDARD = gnu11;
				GCC_DYNAMIC_NO_PIC = NO;
				GCC_NO_COMMON_BLOCKS = YES;
				GCC_OPTIMIZATION_LEVEL = 0;
				GCC_PREPROCESSOR_DEFINITIONS = (
					"DEBUG=1",
					"$(inherited)",
				);
				GCC_WARN_64_TO_32_BIT_CONVERSION = YES;
				GCC_WARN_ABOUT_RETURN_TYPE = YES_ERROR;
				GCC_WARN_UNDECLARED_SELECTOR = YES;
				GCC_WARN_UNINITIALIZED_AUTOS = YES_AGGRESSIVE;
				GCC_WARN_UNUSED_FUNCTION = YES;
				GCC_WARN_UNUSED_VARIABLE = YES;
				IPHONEOS_DEPLOYMENT_TARGET = 15.2;
				MTL_ENABLE_DEBUG_INFO = INCLUDE_SOURCE;
				MTL_FAST_MATH = YES;
				ONLY_ACTIVE_ARCH = YES;
				SDKROOT = iphoneos;
				SWIFT_ACTIVE_COMPILATION_CONDITIONS = DEBUG;
				SWIFT_OPTIMIZATION_LEVEL = "-Onone";
			};
			name = Debug;
		};
		A3B771C128077FA700857881 /* Release */ = {
			isa = XCBuildConfiguration;
			buildSettings = {
				ALWAYS_SEARCH_USER_PATHS = NO;
				CLANG_ANALYZER_NONNULL = YES;
				CLANG_ANALYZER_NUMBER_OBJECT_CONVERSION = YES_AGGRESSIVE;
				CLANG_CXX_LANGUAGE_STANDARD = "gnu++17";
				CLANG_CXX_LIBRARY = "libc++";
				CLANG_ENABLE_MODULES = YES;
				CLANG_ENABLE_OBJC_ARC = YES;
				CLANG_ENABLE_OBJC_WEAK = YES;
				CLANG_WARN_BLOCK_CAPTURE_AUTORELEASING = YES;
				CLANG_WARN_BOOL_CONVERSION = YES;
				CLANG_WARN_COMMA = YES;
				CLANG_WARN_CONSTANT_CONVERSION = YES;
				CLANG_WARN_DEPRECATED_OBJC_IMPLEMENTATIONS = YES;
				CLANG_WARN_DIRECT_OBJC_ISA_USAGE = YES_ERROR;
				CLANG_WARN_DOCUMENTATION_COMMENTS = YES;
				CLANG_WARN_EMPTY_BODY = YES;
				CLANG_WARN_ENUM_CONVERSION = YES;
				CLANG_WARN_INFINITE_RECURSION = YES;
				CLANG_WARN_INT_CONVERSION = YES;
				CLANG_WARN_NON_LITERAL_NULL_CONVERSION = YES;
				CLANG_WARN_OBJC_IMPLICIT_RETAIN_SELF = YES;
				CLANG_WARN_OBJC_LITERAL_CONVERSION = YES;
				CLANG_WARN_OBJC_ROOT_CLASS = YES_ERROR;
				CLANG_WARN_QUOTED_INCLUDE_IN_FRAMEWORK_HEADER = YES;
				CLANG_WARN_RANGE_LOOP_ANALYSIS = YES;
				CLANG_WARN_STRICT_PROTOTYPES = YES;
				CLANG_WARN_SUSPICIOUS_MOVE = YES;
				CLANG_WARN_UNGUARDED_AVAILABILITY = YES_AGGRESSIVE;
				CLANG_WARN_UNREACHABLE_CODE = YES;
				CLANG_WARN__DUPLICATE_METHOD_MATCH = YES;
				COPY_PHASE_STRIP = NO;
				DEBUG_INFORMATION_FORMAT = "dwarf-with-dsym";
				ENABLE_NS_ASSERTIONS = NO;
				ENABLE_STRICT_OBJC_MSGSEND = YES;
				GCC_C_LANGUAGE_STANDARD = gnu11;
				GCC_NO_COMMON_BLOCKS = YES;
				GCC_WARN_64_TO_32_BIT_CONVERSION = YES;
				GCC_WARN_ABOUT_RETURN_TYPE = YES_ERROR;
				GCC_WARN_UNDECLARED_SELECTOR = YES;
				GCC_WARN_UNINITIALIZED_AUTOS = YES_AGGRESSIVE;
				GCC_WARN_UNUSED_FUNCTION = YES;
				GCC_WARN_UNUSED_VARIABLE = YES;
				IPHONEOS_DEPLOYMENT_TARGET = 15.2;
				MTL_ENABLE_DEBUG_INFO = NO;
				MTL_FAST_MATH = YES;
				SDKROOT = iphoneos;
				SWIFT_COMPILATION_MODE = wholemodule;
				SWIFT_OPTIMIZATION_LEVEL = "-O";
				VALIDATE_PRODUCT = YES;
			};
			name = Release;
		};
		A3B771C328077FA700857881 /* Debug */ = {
			isa = XCBuildConfiguration;
			buildSettings = {
				ASSETCATALOG_COMPILER_APPICON_NAME = AppIcon;
				ASSETCATALOG_COMPILER_GLOBAL_ACCENT_COLOR_NAME = AccentColor;
				CODE_SIGN_STYLE = Automatic;
				CURRENT_PROJECT_VERSION = 1;
				DEVELOPMENT_ASSET_PATHS = "\"TwitterSwiftUI/Preview Content\"";
				DEVELOPMENT_TEAM = X7FBND7W68;
				ENABLE_PREVIEWS = YES;
				GENERATE_INFOPLIST_FILE = YES;
				INFOPLIST_KEY_UIApplicationSceneManifest_Generation = YES;
				INFOPLIST_KEY_UIApplicationSupportsIndirectInputEvents = YES;
				INFOPLIST_KEY_UILaunchScreen_Generation = YES;
				INFOPLIST_KEY_UISupportedInterfaceOrientations_iPad = "UIInterfaceOrientationPortrait UIInterfaceOrientationPortraitUpsideDown UIInterfaceOrientationLandscapeLeft UIInterfaceOrientationLandscapeRight";
				INFOPLIST_KEY_UISupportedInterfaceOrientations_iPhone = "UIInterfaceOrientationPortrait UIInterfaceOrientationLandscapeLeft UIInterfaceOrientationLandscapeRight";
				LD_RUNPATH_SEARCH_PATHS = (
					"$(inherited)",
					"@executable_path/Frameworks",
				);
				MARKETING_VERSION = 1.0;
				PRODUCT_BUNDLE_IDENTIFIER = com.Joseph.TwitterSwiftUI;
				PRODUCT_NAME = "$(TARGET_NAME)";
				SWIFT_EMIT_LOC_STRINGS = YES;
				SWIFT_VERSION = 5.0;
				TARGETED_DEVICE_FAMILY = "1,2";
			};
			name = Debug;
		};
		A3B771C428077FA700857881 /* Release */ = {
			isa = XCBuildConfiguration;
			buildSettings = {
				ASSETCATALOG_COMPILER_APPICON_NAME = AppIcon;
				ASSETCATALOG_COMPILER_GLOBAL_ACCENT_COLOR_NAME = AccentColor;
				CODE_SIGN_STYLE = Automatic;
				CURRENT_PROJECT_VERSION = 1;
				DEVELOPMENT_ASSET_PATHS = "\"TwitterSwiftUI/Preview Content\"";
				DEVELOPMENT_TEAM = X7FBND7W68;
				ENABLE_PREVIEWS = YES;
				GENERATE_INFOPLIST_FILE = YES;
				INFOPLIST_KEY_UIApplicationSceneManifest_Generation = YES;
				INFOPLIST_KEY_UIApplicationSupportsIndirectInputEvents = YES;
				INFOPLIST_KEY_UILaunchScreen_Generation = YES;
				INFOPLIST_KEY_UISupportedInterfaceOrientations_iPad = "UIInterfaceOrientationPortrait UIInterfaceOrientationPortraitUpsideDown UIInterfaceOrientationLandscapeLeft UIInterfaceOrientationLandscapeRight";
				INFOPLIST_KEY_UISupportedInterfaceOrientations_iPhone = "UIInterfaceOrientationPortrait UIInterfaceOrientationLandscapeLeft UIInterfaceOrientationLandscapeRight";
				LD_RUNPATH_SEARCH_PATHS = (
					"$(inherited)",
					"@executable_path/Frameworks",
				);
				MARKETING_VERSION = 1.0;
				PRODUCT_BUNDLE_IDENTIFIER = com.Joseph.TwitterSwiftUI;
				PRODUCT_NAME = "$(TARGET_NAME)";
				SWIFT_EMIT_LOC_STRINGS = YES;
				SWIFT_VERSION = 5.0;
				TARGETED_DEVICE_FAMILY = "1,2";
			};
			name = Release;
		};
/* End XCBuildConfiguration section */

/* Begin XCConfigurationList section */
		A3B771AF28077FA500857881 /* Build configuration list for PBXProject "TwitterSwiftUI" */ = {
			isa = XCConfigurationList;
			buildConfigurations = (
				A3B771C028077FA700857881 /* Debug */,
				A3B771C128077FA700857881 /* Release */,
			);
			defaultConfigurationIsVisible = 0;
			defaultConfigurationName = Release;
		};
		A3B771C228077FA700857881 /* Build configuration list for PBXNativeTarget "TwitterSwiftUI" */ = {
			isa = XCConfigurationList;
			buildConfigurations = (
				A3B771C328077FA700857881 /* Debug */,
				A3B771C428077FA700857881 /* Release */,
			);
			defaultConfigurationIsVisible = 0;
			defaultConfigurationName = Release;
		};
/* End XCConfigurationList section */

/* Begin XCRemoteSwiftPackageReference section */
		A3A2F8C6280A8398004234AB /* XCRemoteSwiftPackageReference "firebase-ios-sdk" */ = {
			isa = XCRemoteSwiftPackageReference;
			repositoryURL = "https://github.com/firebase/firebase-ios-sdk";
			requirement = {
				branch = master;
				kind = branch;
			};
		};
/* End XCRemoteSwiftPackageReference section */

/* Begin XCSwiftPackageProductDependency section */
		A3A2F8C7280A8398004234AB /* FirebaseAuth */ = {
			isa = XCSwiftPackageProductDependency;
			package = A3A2F8C6280A8398004234AB /* XCRemoteSwiftPackageReference "firebase-ios-sdk" */;
			productName = FirebaseAuth;
		};
		A3A2F8C9280A8398004234AB /* FirebaseFirestore */ = {
			isa = XCSwiftPackageProductDependency;
			package = A3A2F8C6280A8398004234AB /* XCRemoteSwiftPackageReference "firebase-ios-sdk" */;
			productName = FirebaseFirestore;
		};
		A3A2F8CB280A8398004234AB /* FirebaseFirestoreSwift */ = {
			isa = XCSwiftPackageProductDependency;
			package = A3A2F8C6280A8398004234AB /* XCRemoteSwiftPackageReference "firebase-ios-sdk" */;
			productName = FirebaseFirestoreSwift;
		};
		A3A2F8CD280A8398004234AB /* FirebaseStorage */ = {
			isa = XCSwiftPackageProductDependency;
			package = A3A2F8C6280A8398004234AB /* XCRemoteSwiftPackageReference "firebase-ios-sdk" */;
			productName = FirebaseStorage;
		};
/* End XCSwiftPackageProductDependency section */
	};
	rootObject = A3B771AC28077FA500857881 /* Project object */;
}
